// !$*UTF8*$!
{
	archiveVersion = 1;
	classes = {
	};
	objectVersion = 46;
	objects = {

/* Begin PBXBuildFile section */
		0464612E1AB902CD00DB4954 /* AppDelegate.swift in Sources */ = {isa = PBXBuildFile; fileRef = 0464612D1AB902CD00DB4954 /* AppDelegate.swift */; };
		046461301AB902CD00DB4954 /* ViewController.swift in Sources */ = {isa = PBXBuildFile; fileRef = 0464612F1AB902CD00DB4954 /* ViewController.swift */; };
		046461331AB902CD00DB4954 /* Main.storyboard in Resources */ = {isa = PBXBuildFile; fileRef = 046461311AB902CD00DB4954 /* Main.storyboard */; };
		046461351AB902CD00DB4954 /* Images.xcassets in Resources */ = {isa = PBXBuildFile; fileRef = 046461341AB902CD00DB4954 /* Images.xcassets */; };
		046461381AB902CD00DB4954 /* LaunchScreen.xib in Resources */ = {isa = PBXBuildFile; fileRef = 046461361AB902CD00DB4954 /* LaunchScreen.xib */; };
		046461441AB902CD00DB4954 /* DolphiniOSTests.swift in Sources */ = {isa = PBXBuildFile; fileRef = 046461431AB902CD00DB4954 /* DolphiniOSTests.swift */; };
		0464614E1AB9048600DB4954 /* Entitlements.plist in Resources */ = {isa = PBXBuildFile; fileRef = 0464614D1AB9048600DB4954 /* Entitlements.plist */; };
		0464614F1AB9048600DB4954 /* Entitlements.plist in Resources */ = {isa = PBXBuildFile; fileRef = 0464614D1AB9048600DB4954 /* Entitlements.plist */; };
		0464617B1AB9D14300DB4954 /* DolphinBridge.mm in Sources */ = {isa = PBXBuildFile; fileRef = 0464617A1AB9D14300DB4954 /* DolphinBridge.mm */; };
		0464617C1AB9D14300DB4954 /* DolphinBridge.mm in Sources */ = {isa = PBXBuildFile; fileRef = 0464617A1AB9D14300DB4954 /* DolphinBridge.mm */; };
		046468A71AB9F86F00DB4954 /* libz.dylib in Frameworks */ = {isa = PBXBuildFile; fileRef = 046468A51AB9F86300DB4954 /* libz.dylib */; };
		046468B41ABA2BBB00DB4954 /* GC in Resources */ = {isa = PBXBuildFile; fileRef = 046468B31ABA2BBB00DB4954 /* GC */; };
		046468B61ABA2BC200DB4954 /* Shaders in Resources */ = {isa = PBXBuildFile; fileRef = 046468B51ABA2BC200DB4954 /* Shaders */; };
		046468B81ABA443300DB4954 /* starfield.dol in Resources */ = {isa = PBXBuildFile; fileRef = 046468B71ABA443300DB4954 /* starfield.dol */; };
		046468B91ABA443300DB4954 /* starfield.dol in Resources */ = {isa = PBXBuildFile; fileRef = 046468B71ABA443300DB4954 /* starfield.dol */; };
		046468BB1ABA48CD00DB4954 /* UIKit.framework in Frameworks */ = {isa = PBXBuildFile; fileRef = 046468BA1ABA48CD00DB4954 /* UIKit.framework */; };
		046468BF1ABA48DF00DB4954 /* AudioToolbox.framework in Frameworks */ = {isa = PBXBuildFile; fileRef = 046468BE1ABA48DF00DB4954 /* AudioToolbox.framework */; };
		046468C31ABA48EE00DB4954 /* OpenGLES.framework in Frameworks */ = {isa = PBXBuildFile; fileRef = 046468C21ABA48EE00DB4954 /* OpenGLES.framework */; };
		046468C41ABA490F00DB4954 /* CoreAudio.framework in Frameworks */ = {isa = PBXBuildFile; fileRef = 046468BC1ABA48D800DB4954 /* CoreAudio.framework */; };
		046468C61ABA6DCF00DB4954 /* libiconv.dylib in Frameworks */ = {isa = PBXBuildFile; fileRef = 046468C51ABA6DCF00DB4954 /* libiconv.dylib */; };
		046468C81ABA779A00DB4954 /* AudioToolbox.framework in Frameworks */ = {isa = PBXBuildFile; fileRef = 046468BE1ABA48DF00DB4954 /* AudioToolbox.framework */; };
		046468C91ABA779A00DB4954 /* CoreAudio.framework in Frameworks */ = {isa = PBXBuildFile; fileRef = 046468BC1ABA48D800DB4954 /* CoreAudio.framework */; };
		046468CA1ABA779E00DB4954 /* UIKit.framework in Frameworks */ = {isa = PBXBuildFile; fileRef = 046468BA1ABA48CD00DB4954 /* UIKit.framework */; };
		046468CB1ABA77A100DB4954 /* OpenGLES.framework in Frameworks */ = {isa = PBXBuildFile; fileRef = 046468C21ABA48EE00DB4954 /* OpenGLES.framework */; };
		046468D91ABA7D8D00DB4954 /* libraries in Resources */ = {isa = PBXBuildFile; fileRef = 046468D81ABA7D8D00DB4954 /* libraries */; };
		046468DA1ABA7D8D00DB4954 /* libraries in Resources */ = {isa = PBXBuildFile; fileRef = 046468D81ABA7D8D00DB4954 /* libraries */; };
		046468DC1ABA7D9C00DB4954 /* libbdisasm.a in Frameworks */ = {isa = PBXBuildFile; fileRef = 046468DB1ABA7D9C00DB4954 /* libbdisasm.a */; };
		046468DE1ABA7DA100DB4954 /* libenet.a in Frameworks */ = {isa = PBXBuildFile; fileRef = 046468DD1ABA7DA100DB4954 /* libenet.a */; };
		046468E01ABA7DA700DB4954 /* liblzo2.a in Frameworks */ = {isa = PBXBuildFile; fileRef = 046468DF1ABA7DA700DB4954 /* liblzo2.a */; };
		046468E21ABA7DA900DB4954 /* libpng.a in Frameworks */ = {isa = PBXBuildFile; fileRef = 046468E11ABA7DA900DB4954 /* libpng.a */; };
		046468E41ABA7DAB00DB4954 /* libpolarssl.a in Frameworks */ = {isa = PBXBuildFile; fileRef = 046468E31ABA7DAB00DB4954 /* libpolarssl.a */; };
		046468E61ABA7DAD00DB4954 /* libsfml-system.a in Frameworks */ = {isa = PBXBuildFile; fileRef = 046468E51ABA7DAD00DB4954 /* libsfml-system.a */; };
		046468E81ABA7DAF00DB4954 /* libsfml-network.a in Frameworks */ = {isa = PBXBuildFile; fileRef = 046468E71ABA7DAF00DB4954 /* libsfml-network.a */; };
		046468EA1ABA7DB100DB4954 /* libSOIL.a in Frameworks */ = {isa = PBXBuildFile; fileRef = 046468E91ABA7DB100DB4954 /* libSOIL.a */; };
		046468EC1ABA7DB400DB4954 /* libxxhash.a in Frameworks */ = {isa = PBXBuildFile; fileRef = 046468EB1ABA7DB400DB4954 /* libxxhash.a */; };
		046468EE1ABA7DB600DB4954 /* libcommon.a in Frameworks */ = {isa = PBXBuildFile; fileRef = 046468ED1ABA7DB600DB4954 /* libcommon.a */; };
		046468F01ABA7DB700DB4954 /* libcore.a in Frameworks */ = {isa = PBXBuildFile; fileRef = 046468EF1ABA7DB700DB4954 /* libcore.a */; };
		046468F21ABA7DBB00DB4954 /* libdiscio.a in Frameworks */ = {isa = PBXBuildFile; fileRef = 046468F11ABA7DBB00DB4954 /* libdiscio.a */; };
		046468F41ABA7DC200DB4954 /* libinputcommon.a in Frameworks */ = {isa = PBXBuildFile; fileRef = 046468F31ABA7DC200DB4954 /* libinputcommon.a */; };
		046468F61ABA7DC600DB4954 /* libios.a in Frameworks */ = {isa = PBXBuildFile; fileRef = 046468F51ABA7DC600DB4954 /* libios.a */; };
		046468F81ABA7DCB00DB4954 /* libuicommon.a in Frameworks */ = {isa = PBXBuildFile; fileRef = 046468F71ABA7DCB00DB4954 /* libuicommon.a */; };
		046468FA1ABA7DCE00DB4954 /* libvideocommon.a in Frameworks */ = {isa = PBXBuildFile; fileRef = 046468F91ABA7DCE00DB4954 /* libvideocommon.a */; };
		046468FC1ABA7DD800DB4954 /* libvideoogl.a in Frameworks */ = {isa = PBXBuildFile; fileRef = 046468FB1ABA7DD800DB4954 /* libvideoogl.a */; };
		046468FE1ABA7DDB00DB4954 /* libvideosoftware.a in Frameworks */ = {isa = PBXBuildFile; fileRef = 046468FD1ABA7DDB00DB4954 /* libvideosoftware.a */; };
		046468FF1ABA7DF100DB4954 /* libbdisasm.a in Frameworks */ = {isa = PBXBuildFile; fileRef = 046468DB1ABA7D9C00DB4954 /* libbdisasm.a */; };
		046469001ABA7DF600DB4954 /* libenet.a in Frameworks */ = {isa = PBXBuildFile; fileRef = 046468DD1ABA7DA100DB4954 /* libenet.a */; };
		046469011ABA7DF900DB4954 /* liblzo2.a in Frameworks */ = {isa = PBXBuildFile; fileRef = 046468DF1ABA7DA700DB4954 /* liblzo2.a */; };
		046469021ABA7DFA00DB4954 /* libpng.a in Frameworks */ = {isa = PBXBuildFile; fileRef = 046468E11ABA7DA900DB4954 /* libpng.a */; };
		046469031ABA7DFC00DB4954 /* libpolarssl.a in Frameworks */ = {isa = PBXBuildFile; fileRef = 046468E31ABA7DAB00DB4954 /* libpolarssl.a */; };
		046469041ABA7E0100DB4954 /* libsfml-system.a in Frameworks */ = {isa = PBXBuildFile; fileRef = 046468E51ABA7DAD00DB4954 /* libsfml-system.a */; };
		046469051ABA7E0200DB4954 /* libsfml-network.a in Frameworks */ = {isa = PBXBuildFile; fileRef = 046468E71ABA7DAF00DB4954 /* libsfml-network.a */; };
		046469061ABA7E0400DB4954 /* libSOIL.a in Frameworks */ = {isa = PBXBuildFile; fileRef = 046468E91ABA7DB100DB4954 /* libSOIL.a */; };
		046469071ABA7E0600DB4954 /* libxxhash.a in Frameworks */ = {isa = PBXBuildFile; fileRef = 046468EB1ABA7DB400DB4954 /* libxxhash.a */; };
		046469091ABA7E1100DB4954 /* libaudiocommon.a in Frameworks */ = {isa = PBXBuildFile; fileRef = 046469081ABA7E1100DB4954 /* libaudiocommon.a */; };
		0464690A1ABA7E1700DB4954 /* libcore.a in Frameworks */ = {isa = PBXBuildFile; fileRef = 046468EF1ABA7DB700DB4954 /* libcore.a */; };
		0464690B1ABA7E1D00DB4954 /* libcommon.a in Frameworks */ = {isa = PBXBuildFile; fileRef = 046468ED1ABA7DB600DB4954 /* libcommon.a */; };
		0464690C1ABA7E2000DB4954 /* libdiscio.a in Frameworks */ = {isa = PBXBuildFile; fileRef = 046468F11ABA7DBB00DB4954 /* libdiscio.a */; };
		0464690D1ABA7E2300DB4954 /* libinputcommon.a in Frameworks */ = {isa = PBXBuildFile; fileRef = 046468F31ABA7DC200DB4954 /* libinputcommon.a */; };
		0464690E1ABA7E2500DB4954 /* libaudiocommon.a in Frameworks */ = {isa = PBXBuildFile; fileRef = 046469081ABA7E1100DB4954 /* libaudiocommon.a */; };
		0464690F1ABA7E2900DB4954 /* libios.a in Frameworks */ = {isa = PBXBuildFile; fileRef = 046468F51ABA7DC600DB4954 /* libios.a */; };
		046469101ABA7E2C00DB4954 /* libuicommon.a in Frameworks */ = {isa = PBXBuildFile; fileRef = 046468F71ABA7DCB00DB4954 /* libuicommon.a */; };
		046469111ABA7E3000DB4954 /* libvideocommon.a in Frameworks */ = {isa = PBXBuildFile; fileRef = 046468F91ABA7DCE00DB4954 /* libvideocommon.a */; };
		046469121ABA7E3A00DB4954 /* libvideoogl.a in Frameworks */ = {isa = PBXBuildFile; fileRef = 046468FB1ABA7DD800DB4954 /* libvideoogl.a */; };
		046469131ABA7E3C00DB4954 /* libvideosoftware.a in Frameworks */ = {isa = PBXBuildFile; fileRef = 046468FD1ABA7DDB00DB4954 /* libvideosoftware.a */; };
		046469141ABA7EBD00DB4954 /* libiconv.dylib in Frameworks */ = {isa = PBXBuildFile; fileRef = 046468C51ABA6DCF00DB4954 /* libiconv.dylib */; };
		046469151ABA7EC600DB4954 /* libz.dylib in Frameworks */ = {isa = PBXBuildFile; fileRef = 046468A51AB9F86300DB4954 /* libz.dylib */; };
/* End PBXBuildFile section */

/* Begin PBXContainerItemProxy section */
		0464613E1AB902CD00DB4954 /* PBXContainerItemProxy */ = {
			isa = PBXContainerItemProxy;
			containerPortal = 046461201AB902CD00DB4954 /* Project object */;
			proxyType = 1;
			remoteGlobalIDString = 046461271AB902CD00DB4954;
			remoteInfo = DolphiniOS;
		};
/* End PBXContainerItemProxy section */

/* Begin PBXFileReference section */
		046461281AB902CD00DB4954 /* DolphiniOS.app */ = {isa = PBXFileReference; explicitFileType = wrapper.application; includeInIndex = 0; path = DolphiniOS.app; sourceTree = BUILT_PRODUCTS_DIR; };
		0464612C1AB902CD00DB4954 /* Info.plist */ = {isa = PBXFileReference; lastKnownFileType = text.plist.xml; path = Info.plist; sourceTree = "<group>"; };
		0464612D1AB902CD00DB4954 /* AppDelegate.swift */ = {isa = PBXFileReference; lastKnownFileType = sourcecode.swift; path = AppDelegate.swift; sourceTree = "<group>"; };
		0464612F1AB902CD00DB4954 /* ViewController.swift */ = {isa = PBXFileReference; lastKnownFileType = sourcecode.swift; path = ViewController.swift; sourceTree = "<group>"; };
		046461321AB902CD00DB4954 /* Base */ = {isa = PBXFileReference; lastKnownFileType = file.storyboard; name = Base; path = Base.lproj/Main.storyboard; sourceTree = "<group>"; };
		046461341AB902CD00DB4954 /* Images.xcassets */ = {isa = PBXFileReference; lastKnownFileType = folder.assetcatalog; path = Images.xcassets; sourceTree = "<group>"; };
		046461371AB902CD00DB4954 /* Base */ = {isa = PBXFileReference; lastKnownFileType = file.xib; name = Base; path = Base.lproj/LaunchScreen.xib; sourceTree = "<group>"; };
		0464613D1AB902CD00DB4954 /* DolphiniOSTests.xctest */ = {isa = PBXFileReference; explicitFileType = wrapper.cfbundle; includeInIndex = 0; path = DolphiniOSTests.xctest; sourceTree = BUILT_PRODUCTS_DIR; };
		046461421AB902CD00DB4954 /* Info.plist */ = {isa = PBXFileReference; lastKnownFileType = text.plist.xml; path = Info.plist; sourceTree = "<group>"; };
		046461431AB902CD00DB4954 /* DolphiniOSTests.swift */ = {isa = PBXFileReference; lastKnownFileType = sourcecode.swift; path = DolphiniOSTests.swift; sourceTree = "<group>"; };
		0464614D1AB9048600DB4954 /* Entitlements.plist */ = {isa = PBXFileReference; fileEncoding = 4; lastKnownFileType = text.plist.xml; path = Entitlements.plist; sourceTree = "<group>"; };
		046461741AB91D2D00DB4954 /* DolphiniOS-Bridging-Header.h */ = {isa = PBXFileReference; lastKnownFileType = sourcecode.c.h; path = "DolphiniOS-Bridging-Header.h"; sourceTree = "<group>"; };
		046461751AB91D2D00DB4954 /* DolphiniOSTests-Bridging-Header.h */ = {isa = PBXFileReference; lastKnownFileType = sourcecode.c.h; path = "DolphiniOSTests-Bridging-Header.h"; sourceTree = "<group>"; };
		046461791AB91D7F00DB4954 /* DolphinBridge.h */ = {isa = PBXFileReference; fileEncoding = 4; lastKnownFileType = sourcecode.c.h; path = DolphinBridge.h; sourceTree = "<group>"; };
		0464617A1AB9D14300DB4954 /* DolphinBridge.mm */ = {isa = PBXFileReference; fileEncoding = 4; lastKnownFileType = sourcecode.cpp.objcpp; path = DolphinBridge.mm; sourceTree = "<group>"; };
		046468A51AB9F86300DB4954 /* libz.dylib */ = {isa = PBXFileReference; lastKnownFileType = "compiled.mach-o.dylib"; name = libz.dylib; path = usr/lib/libz.dylib; sourceTree = SDKROOT; };
		046468B31ABA2BBB00DB4954 /* GC */ = {isa = PBXFileReference; lastKnownFileType = folder; name = GC; path = ../dolphin/Data/Sys/GC; sourceTree = "<group>"; };
		046468B51ABA2BC200DB4954 /* Shaders */ = {isa = PBXFileReference; lastKnownFileType = folder; name = Shaders; path = ../dolphin/Data/Sys/Shaders; sourceTree = "<group>"; };
		046468B71ABA443300DB4954 /* starfield.dol */ = {isa = PBXFileReference; lastKnownFileType = file; path = starfield.dol; sourceTree = "<group>"; };
		046468BA1ABA48CD00DB4954 /* UIKit.framework */ = {isa = PBXFileReference; lastKnownFileType = wrapper.framework; name = UIKit.framework; path = System/Library/Frameworks/UIKit.framework; sourceTree = SDKROOT; };
		046468BC1ABA48D800DB4954 /* CoreAudio.framework */ = {isa = PBXFileReference; lastKnownFileType = wrapper.framework; name = CoreAudio.framework; path = System/Library/Frameworks/CoreAudio.framework; sourceTree = SDKROOT; };
		046468BE1ABA48DF00DB4954 /* AudioToolbox.framework */ = {isa = PBXFileReference; lastKnownFileType = wrapper.framework; name = AudioToolbox.framework; path = System/Library/Frameworks/AudioToolbox.framework; sourceTree = SDKROOT; };
		046468C01ABA48E500DB4954 /* AudioUnit.framework */ = {isa = PBXFileReference; lastKnownFileType = wrapper.framework; name = AudioUnit.framework; path = System/Library/Frameworks/AudioUnit.framework; sourceTree = SDKROOT; };
		046468C21ABA48EE00DB4954 /* OpenGLES.framework */ = {isa = PBXFileReference; lastKnownFileType = wrapper.framework; name = OpenGLES.framework; path = System/Library/Frameworks/OpenGLES.framework; sourceTree = SDKROOT; };
		046468C51ABA6DCF00DB4954 /* libiconv.dylib */ = {isa = PBXFileReference; lastKnownFileType = "compiled.mach-o.dylib"; name = libiconv.dylib; path = usr/lib/libiconv.dylib; sourceTree = SDKROOT; };
		046468D81ABA7D8D00DB4954 /* libraries */ = {isa = PBXFileReference; lastKnownFileType = folder; name = libraries; path = DolphiniOS/libraries; sourceTree = "<group>"; };
		046468DB1ABA7D9C00DB4954 /* libbdisasm.a */ = {isa = PBXFileReference; lastKnownFileType = archive.ar; name = libbdisasm.a; path = DolphiniOS/libraries/libbdisasm.a; sourceTree = "<group>"; };
		046468DD1ABA7DA100DB4954 /* libenet.a */ = {isa = PBXFileReference; lastKnownFileType = archive.ar; name = libenet.a; path = DolphiniOS/libraries/libenet.a; sourceTree = "<group>"; };
		046468DF1ABA7DA700DB4954 /* liblzo2.a */ = {isa = PBXFileReference; lastKnownFileType = archive.ar; name = liblzo2.a; path = DolphiniOS/libraries/liblzo2.a; sourceTree = "<group>"; };
		046468E11ABA7DA900DB4954 /* libpng.a */ = {isa = PBXFileReference; lastKnownFileType = archive.ar; name = libpng.a; path = DolphiniOS/libraries/libpng.a; sourceTree = "<group>"; };
		046468E31ABA7DAB00DB4954 /* libpolarssl.a */ = {isa = PBXFileReference; lastKnownFileType = archive.ar; name = libpolarssl.a; path = DolphiniOS/libraries/libpolarssl.a; sourceTree = "<group>"; };
		046468E51ABA7DAD00DB4954 /* libsfml-system.a */ = {isa = PBXFileReference; lastKnownFileType = archive.ar; name = "libsfml-system.a"; path = "DolphiniOS/libraries/libsfml-system.a"; sourceTree = "<group>"; };
		046468E71ABA7DAF00DB4954 /* libsfml-network.a */ = {isa = PBXFileReference; lastKnownFileType = archive.ar; name = "libsfml-network.a"; path = "DolphiniOS/libraries/libsfml-network.a"; sourceTree = "<group>"; };
		046468E91ABA7DB100DB4954 /* libSOIL.a */ = {isa = PBXFileReference; lastKnownFileType = archive.ar; name = libSOIL.a; path = DolphiniOS/libraries/libSOIL.a; sourceTree = "<group>"; };
		046468EB1ABA7DB400DB4954 /* libxxhash.a */ = {isa = PBXFileReference; lastKnownFileType = archive.ar; name = libxxhash.a; path = DolphiniOS/libraries/libxxhash.a; sourceTree = "<group>"; };
		046468ED1ABA7DB600DB4954 /* libcommon.a */ = {isa = PBXFileReference; lastKnownFileType = archive.ar; name = libcommon.a; path = DolphiniOS/libraries/libcommon.a; sourceTree = "<group>"; };
		046468EF1ABA7DB700DB4954 /* libcore.a */ = {isa = PBXFileReference; lastKnownFileType = archive.ar; name = libcore.a; path = DolphiniOS/libraries/libcore.a; sourceTree = "<group>"; };
		046468F11ABA7DBB00DB4954 /* libdiscio.a */ = {isa = PBXFileReference; lastKnownFileType = archive.ar; name = libdiscio.a; path = DolphiniOS/libraries/libdiscio.a; sourceTree = "<group>"; };
		046468F31ABA7DC200DB4954 /* libinputcommon.a */ = {isa = PBXFileReference; lastKnownFileType = archive.ar; name = libinputcommon.a; path = DolphiniOS/libraries/libinputcommon.a; sourceTree = "<group>"; };
		046468F51ABA7DC600DB4954 /* libios.a */ = {isa = PBXFileReference; lastKnownFileType = archive.ar; name = libios.a; path = DolphiniOS/libraries/libios.a; sourceTree = "<group>"; };
		046468F71ABA7DCB00DB4954 /* libuicommon.a */ = {isa = PBXFileReference; lastKnownFileType = archive.ar; name = libuicommon.a; path = DolphiniOS/libraries/libuicommon.a; sourceTree = "<group>"; };
		046468F91ABA7DCE00DB4954 /* libvideocommon.a */ = {isa = PBXFileReference; lastKnownFileType = archive.ar; name = libvideocommon.a; path = DolphiniOS/libraries/libvideocommon.a; sourceTree = "<group>"; };
		046468FB1ABA7DD800DB4954 /* libvideoogl.a */ = {isa = PBXFileReference; lastKnownFileType = archive.ar; name = libvideoogl.a; path = DolphiniOS/libraries/libvideoogl.a; sourceTree = "<group>"; };
		046468FD1ABA7DDB00DB4954 /* libvideosoftware.a */ = {isa = PBXFileReference; lastKnownFileType = archive.ar; name = libvideosoftware.a; path = DolphiniOS/libraries/libvideosoftware.a; sourceTree = "<group>"; };
		046469081ABA7E1100DB4954 /* libaudiocommon.a */ = {isa = PBXFileReference; lastKnownFileType = archive.ar; name = libaudiocommon.a; path = DolphiniOS/libraries/libaudiocommon.a; sourceTree = "<group>"; };
/* End PBXFileReference section */

/* Begin PBXFrameworksBuildPhase section */
		0464613A1AB902CD00DB4954 /* Frameworks */ = {
			isa = PBXFrameworksBuildPhase;
			buildActionMask = 2147483647;
			files = (
				046469151ABA7EC600DB4954 /* libz.dylib in Frameworks */,
				046469141ABA7EBD00DB4954 /* libiconv.dylib in Frameworks */,
				046468CB1ABA77A100DB4954 /* OpenGLES.framework in Frameworks */,
				046468CA1ABA779E00DB4954 /* UIKit.framework in Frameworks */,
				046468C81ABA779A00DB4954 /* AudioToolbox.framework in Frameworks */,
				046468C91ABA779A00DB4954 /* CoreAudio.framework in Frameworks */,
				046468DC1ABA7D9C00DB4954 /* libbdisasm.a in Frameworks */,
				046468DE1ABA7DA100DB4954 /* libenet.a in Frameworks */,
				046468E01ABA7DA700DB4954 /* liblzo2.a in Frameworks */,
				046468E21ABA7DA900DB4954 /* libpng.a in Frameworks */,
				046468E41ABA7DAB00DB4954 /* libpolarssl.a in Frameworks */,
				046468E61ABA7DAD00DB4954 /* libsfml-system.a in Frameworks */,
				046468E81ABA7DAF00DB4954 /* libsfml-network.a in Frameworks */,
				046468EA1ABA7DB100DB4954 /* libSOIL.a in Frameworks */,
				046468EC1ABA7DB400DB4954 /* libxxhash.a in Frameworks */,
				046468F01ABA7DB700DB4954 /* libcore.a in Frameworks */,
				046468EE1ABA7DB600DB4954 /* libcommon.a in Frameworks */,
				046468F21ABA7DBB00DB4954 /* libdiscio.a in Frameworks */,
				046469091ABA7E1100DB4954 /* libaudiocommon.a in Frameworks */,
				046468F41ABA7DC200DB4954 /* libinputcommon.a in Frameworks */,
				046468F61ABA7DC600DB4954 /* libios.a in Frameworks */,
				046468F81ABA7DCB00DB4954 /* libuicommon.a in Frameworks */,
				046468FA1ABA7DCE00DB4954 /* libvideocommon.a in Frameworks */,
				046468FC1ABA7DD800DB4954 /* libvideoogl.a in Frameworks */,
				046468FE1ABA7DDB00DB4954 /* libvideosoftware.a in Frameworks */,
			);
			runOnlyForDeploymentPostprocessing = 0;
		};
		0464686B1AB9E1CE00DB4954 /* Frameworks */ = {
			isa = PBXFrameworksBuildPhase;
			buildActionMask = 2147483647;
			files = (
				046468C41ABA490F00DB4954 /* CoreAudio.framework in Frameworks */,
				046468C31ABA48EE00DB4954 /* OpenGLES.framework in Frameworks */,
				046468BF1ABA48DF00DB4954 /* AudioToolbox.framework in Frameworks */,
				046468BB1ABA48CD00DB4954 /* UIKit.framework in Frameworks */,
				046468C61ABA6DCF00DB4954 /* libiconv.dylib in Frameworks */,
				046468A71AB9F86F00DB4954 /* libz.dylib in Frameworks */,
				046468FF1ABA7DF100DB4954 /* libbdisasm.a in Frameworks */,
				046469001ABA7DF600DB4954 /* libenet.a in Frameworks */,
				046469011ABA7DF900DB4954 /* liblzo2.a in Frameworks */,
				046469021ABA7DFA00DB4954 /* libpng.a in Frameworks */,
				046469031ABA7DFC00DB4954 /* libpolarssl.a in Frameworks */,
				046469041ABA7E0100DB4954 /* libsfml-system.a in Frameworks */,
				046469051ABA7E0200DB4954 /* libsfml-network.a in Frameworks */,
				046469061ABA7E0400DB4954 /* libSOIL.a in Frameworks */,
				046469071ABA7E0600DB4954 /* libxxhash.a in Frameworks */,
				0464690A1ABA7E1700DB4954 /* libcore.a in Frameworks */,
				0464690B1ABA7E1D00DB4954 /* libcommon.a in Frameworks */,
				0464690C1ABA7E2000DB4954 /* libdiscio.a in Frameworks */,
				0464690E1ABA7E2500DB4954 /* libaudiocommon.a in Frameworks */,
				0464690D1ABA7E2300DB4954 /* libinputcommon.a in Frameworks */,
				046469111ABA7E3000DB4954 /* libvideocommon.a in Frameworks */,
				0464690F1ABA7E2900DB4954 /* libios.a in Frameworks */,
				046469101ABA7E2C00DB4954 /* libuicommon.a in Frameworks */,
				046469121ABA7E3A00DB4954 /* libvideoogl.a in Frameworks */,
				046469131ABA7E3C00DB4954 /* libvideosoftware.a in Frameworks */,
			);
			runOnlyForDeploymentPostprocessing = 0;
		};
/* End PBXFrameworksBuildPhase section */

/* Begin PBXGroup section */
		0464611F1AB902CD00DB4954 = {
			isa = PBXGroup;
			children = (
				046469081ABA7E1100DB4954 /* libaudiocommon.a */,
				046468FD1ABA7DDB00DB4954 /* libvideosoftware.a */,
				046468FB1ABA7DD800DB4954 /* libvideoogl.a */,
				046468F91ABA7DCE00DB4954 /* libvideocommon.a */,
				046468F71ABA7DCB00DB4954 /* libuicommon.a */,
				046468F51ABA7DC600DB4954 /* libios.a */,
				046468F31ABA7DC200DB4954 /* libinputcommon.a */,
				046468F11ABA7DBB00DB4954 /* libdiscio.a */,
				046468EF1ABA7DB700DB4954 /* libcore.a */,
				046468ED1ABA7DB600DB4954 /* libcommon.a */,
				046468EB1ABA7DB400DB4954 /* libxxhash.a */,
				046468E91ABA7DB100DB4954 /* libSOIL.a */,
				046468E71ABA7DAF00DB4954 /* libsfml-network.a */,
				046468E51ABA7DAD00DB4954 /* libsfml-system.a */,
				046468E31ABA7DAB00DB4954 /* libpolarssl.a */,
				046468E11ABA7DA900DB4954 /* libpng.a */,
				046468DF1ABA7DA700DB4954 /* liblzo2.a */,
				046468DD1ABA7DA100DB4954 /* libenet.a */,
				046468DB1ABA7D9C00DB4954 /* libbdisasm.a */,
				046468D81ABA7D8D00DB4954 /* libraries */,
				046468C51ABA6DCF00DB4954 /* libiconv.dylib */,
				046468C21ABA48EE00DB4954 /* OpenGLES.framework */,
				046468C01ABA48E500DB4954 /* AudioUnit.framework */,
				046468BE1ABA48DF00DB4954 /* AudioToolbox.framework */,
				046468BC1ABA48D800DB4954 /* CoreAudio.framework */,
				046468BA1ABA48CD00DB4954 /* UIKit.framework */,
				046468B51ABA2BC200DB4954 /* Shaders */,
				046468B31ABA2BBB00DB4954 /* GC */,
				046468A51AB9F86300DB4954 /* libz.dylib */,
				0464614D1AB9048600DB4954 /* Entitlements.plist */,
				0464612A1AB902CD00DB4954 /* DolphiniOS */,
				046461401AB902CD00DB4954 /* DolphiniOSTests */,
				046461291AB902CD00DB4954 /* Products */,
			);
			sourceTree = "<group>";
		};
		046461291AB902CD00DB4954 /* Products */ = {
			isa = PBXGroup;
			children = (
				046461281AB902CD00DB4954 /* DolphiniOS.app */,
				0464613D1AB902CD00DB4954 /* DolphiniOSTests.xctest */,
			);
			name = Products;
			sourceTree = "<group>";
		};
		0464612A1AB902CD00DB4954 /* DolphiniOS */ = {
			isa = PBXGroup;
			children = (
				046468B71ABA443300DB4954 /* starfield.dol */,
				0464612D1AB902CD00DB4954 /* AppDelegate.swift */,
				0464612F1AB902CD00DB4954 /* ViewController.swift */,
				046461311AB902CD00DB4954 /* Main.storyboard */,
				046461341AB902CD00DB4954 /* Images.xcassets */,
				046461361AB902CD00DB4954 /* LaunchScreen.xib */,
				0464612B1AB902CD00DB4954 /* Supporting Files */,
				046461791AB91D7F00DB4954 /* DolphinBridge.h */,
				0464617A1AB9D14300DB4954 /* DolphinBridge.mm */,
				046461741AB91D2D00DB4954 /* DolphiniOS-Bridging-Header.h */,
				046461751AB91D2D00DB4954 /* DolphiniOSTests-Bridging-Header.h */,
			);
			path = DolphiniOS;
			sourceTree = "<group>";
		};
		0464612B1AB902CD00DB4954 /* Supporting Files */ = {
			isa = PBXGroup;
			children = (
				0464612C1AB902CD00DB4954 /* Info.plist */,
			);
			name = "Supporting Files";
			sourceTree = "<group>";
		};
		046461401AB902CD00DB4954 /* DolphiniOSTests */ = {
			isa = PBXGroup;
			children = (
				046461431AB902CD00DB4954 /* DolphiniOSTests.swift */,
				046461411AB902CD00DB4954 /* Supporting Files */,
			);
			path = DolphiniOSTests;
			sourceTree = "<group>";
		};
		046461411AB902CD00DB4954 /* Supporting Files */ = {
			isa = PBXGroup;
			children = (
				046461421AB902CD00DB4954 /* Info.plist */,
			);
			name = "Supporting Files";
			sourceTree = "<group>";
		};
/* End PBXGroup section */

/* Begin PBXHeadersBuildPhase section */
		046463CC1AB9D3C700DB4954 /* Headers */ = {
			isa = PBXHeadersBuildPhase;
			buildActionMask = 2147483647;
			files = (
			);
			runOnlyForDeploymentPostprocessing = 0;
		};
/* End PBXHeadersBuildPhase section */

/* Begin PBXNativeTarget section */
		046461271AB902CD00DB4954 /* DolphiniOS */ = {
			isa = PBXNativeTarget;
			buildConfigurationList = 046461471AB902CD00DB4954 /* Build configuration list for PBXNativeTarget "DolphiniOS" */;
			buildPhases = (
				046463CC1AB9D3C700DB4954 /* Headers */,
				0464686B1AB9E1CE00DB4954 /* Frameworks */,
				046461241AB902CD00DB4954 /* Sources */,
				046461261AB902CD00DB4954 /* Resources */,
			);
			buildRules = (
			);
			dependencies = (
			);
			name = DolphiniOS;
			productName = DolphiniOS;
			productReference = 046461281AB902CD00DB4954 /* DolphiniOS.app */;
			productType = "com.apple.product-type.application";
		};
		0464613C1AB902CD00DB4954 /* DolphiniOSTests */ = {
			isa = PBXNativeTarget;
			buildConfigurationList = 0464614A1AB902CD00DB4954 /* Build configuration list for PBXNativeTarget "DolphiniOSTests" */;
			buildPhases = (
				046461391AB902CD00DB4954 /* Sources */,
				0464613A1AB902CD00DB4954 /* Frameworks */,
				0464613B1AB902CD00DB4954 /* Resources */,
			);
			buildRules = (
			);
			dependencies = (
				0464613F1AB902CD00DB4954 /* PBXTargetDependency */,
			);
			name = DolphiniOSTests;
			productName = DolphiniOSTests;
			productReference = 0464613D1AB902CD00DB4954 /* DolphiniOSTests.xctest */;
			productType = "com.apple.product-type.bundle.unit-test";
		};
/* End PBXNativeTarget section */

/* Begin PBXProject section */
		046461201AB902CD00DB4954 /* Project object */ = {
			isa = PBXProject;
			attributes = {
				LastUpgradeCheck = 0620;
				ORGANIZATIONNAME = OatmealDome;
				TargetAttributes = {
					046461271AB902CD00DB4954 = {
						CreatedOnToolsVersion = 6.2;
					};
					0464613C1AB902CD00DB4954 = {
						CreatedOnToolsVersion = 6.2;
						TestTargetID = 046461271AB902CD00DB4954;
					};
				};
			};
			buildConfigurationList = 046461231AB902CD00DB4954 /* Build configuration list for PBXProject "DolphiniOS" */;
			compatibilityVersion = "Xcode 3.2";
			developmentRegion = English;
			hasScannedForEncodings = 0;
			knownRegions = (
				en,
				Base,
			);
			mainGroup = 0464611F1AB902CD00DB4954;
			productRefGroup = 046461291AB902CD00DB4954 /* Products */;
			projectDirPath = "";
			projectRoot = "";
			targets = (
				046461271AB902CD00DB4954 /* DolphiniOS */,
				0464613C1AB902CD00DB4954 /* DolphiniOSTests */,
			);
		};
/* End PBXProject section */

/* Begin PBXResourcesBuildPhase section */
		046461261AB902CD00DB4954 /* Resources */ = {
			isa = PBXResourcesBuildPhase;
			buildActionMask = 2147483647;
			files = (
				046468B61ABA2BC200DB4954 /* Shaders in Resources */,
				046468B41ABA2BBB00DB4954 /* GC in Resources */,
				0464614E1AB9048600DB4954 /* Entitlements.plist in Resources */,
				046461331AB902CD00DB4954 /* Main.storyboard in Resources */,
				046461381AB902CD00DB4954 /* LaunchScreen.xib in Resources */,
				046468B81ABA443300DB4954 /* starfield.dol in Resources */,
				046468D91ABA7D8D00DB4954 /* libraries in Resources */,
				046461351AB902CD00DB4954 /* Images.xcassets in Resources */,
			);
			runOnlyForDeploymentPostprocessing = 0;
		};
		0464613B1AB902CD00DB4954 /* Resources */ = {
			isa = PBXResourcesBuildPhase;
			buildActionMask = 2147483647;
			files = (
				046468B91ABA443300DB4954 /* starfield.dol in Resources */,
				0464614F1AB9048600DB4954 /* Entitlements.plist in Resources */,
				046468DA1ABA7D8D00DB4954 /* libraries in Resources */,
			);
			runOnlyForDeploymentPostprocessing = 0;
		};
/* End PBXResourcesBuildPhase section */

/* Begin PBXSourcesBuildPhase section */
		046461241AB902CD00DB4954 /* Sources */ = {
			isa = PBXSourcesBuildPhase;
			buildActionMask = 2147483647;
			files = (
				046461301AB902CD00DB4954 /* ViewController.swift in Sources */,
				0464617B1AB9D14300DB4954 /* DolphinBridge.mm in Sources */,
				0464612E1AB902CD00DB4954 /* AppDelegate.swift in Sources */,
			);
			runOnlyForDeploymentPostprocessing = 0;
		};
		046461391AB902CD00DB4954 /* Sources */ = {
			isa = PBXSourcesBuildPhase;
			buildActionMask = 2147483647;
			files = (
				046461441AB902CD00DB4954 /* DolphiniOSTests.swift in Sources */,
				0464617C1AB9D14300DB4954 /* DolphinBridge.mm in Sources */,
			);
			runOnlyForDeploymentPostprocessing = 0;
		};
/* End PBXSourcesBuildPhase section */

/* Begin PBXTargetDependency section */
		0464613F1AB902CD00DB4954 /* PBXTargetDependency */ = {
			isa = PBXTargetDependency;
			target = 046461271AB902CD00DB4954 /* DolphiniOS */;
			targetProxy = 0464613E1AB902CD00DB4954 /* PBXContainerItemProxy */;
		};
/* End PBXTargetDependency section */

/* Begin PBXVariantGroup section */
		046461311AB902CD00DB4954 /* Main.storyboard */ = {
			isa = PBXVariantGroup;
			children = (
				046461321AB902CD00DB4954 /* Base */,
			);
			name = Main.storyboard;
			sourceTree = "<group>";
		};
		046461361AB902CD00DB4954 /* LaunchScreen.xib */ = {
			isa = PBXVariantGroup;
			children = (
				046461371AB902CD00DB4954 /* Base */,
			);
			name = LaunchScreen.xib;
			sourceTree = "<group>";
		};
/* End PBXVariantGroup section */

/* Begin XCBuildConfiguration section */
		046461451AB902CD00DB4954 /* Debug */ = {
			isa = XCBuildConfiguration;
			buildSettings = {
				ALWAYS_SEARCH_USER_PATHS = YES;
				CLANG_CXX_LANGUAGE_STANDARD = "gnu++0x";
				CLANG_CXX_LIBRARY = "libc++";
				CLANG_ENABLE_MODULES = YES;
				CLANG_ENABLE_OBJC_ARC = YES;
				CLANG_WARN_BOOL_CONVERSION = YES;
				CLANG_WARN_CONSTANT_CONVERSION = YES;
				CLANG_WARN_DIRECT_OBJC_ISA_USAGE = YES_ERROR;
				CLANG_WARN_EMPTY_BODY = YES;
				CLANG_WARN_ENUM_CONVERSION = YES;
				CLANG_WARN_INT_CONVERSION = YES;
				CLANG_WARN_OBJC_ROOT_CLASS = YES_ERROR;
				CLANG_WARN_UNREACHABLE_CODE = YES;
				CLANG_WARN__DUPLICATE_METHOD_MATCH = YES;
				CODE_SIGN_ENTITLEMENTS = Entitlements.plist;
				CODE_SIGN_IDENTITY = "-";
				"CODE_SIGN_IDENTITY[sdk=iphoneos*]" = "-";
				COPY_PHASE_STRIP = NO;
				ENABLE_STRICT_OBJC_MSGSEND = YES;
				GCC_C_LANGUAGE_STANDARD = gnu99;
				GCC_DYNAMIC_NO_PIC = NO;
				GCC_OPTIMIZATION_LEVEL = 0;
				GCC_PREPROCESSOR_DEFINITIONS = (
					"DEBUG=1",
					"$(inherited)",
				);
				GCC_SYMBOLS_PRIVATE_EXTERN = NO;
				GCC_WARN_64_TO_32_BIT_CONVERSION = YES;
				GCC_WARN_ABOUT_RETURN_TYPE = YES_ERROR;
				GCC_WARN_UNDECLARED_SELECTOR = YES;
				GCC_WARN_UNINITIALIZED_AUTOS = YES_AGGRESSIVE;
				GCC_WARN_UNUSED_FUNCTION = YES;
				GCC_WARN_UNUSED_VARIABLE = YES;
				IPHONEOS_DEPLOYMENT_TARGET = 8.0;
				MTL_ENABLE_DEBUG_INFO = YES;
				ONLY_ACTIVE_ARCH = YES;
				SDKROOT = iphoneos;
				SWIFT_OPTIMIZATION_LEVEL = "-Onone";
				TARGETED_DEVICE_FAMILY = "1,2";
				USER_HEADER_SEARCH_PATHS = "$(PROJECT_DIR)/DolphiniOS/libraries/includes/**";
			};
			name = Debug;
		};
		046461461AB902CD00DB4954 /* Release */ = {
			isa = XCBuildConfiguration;
			buildSettings = {
				ALWAYS_SEARCH_USER_PATHS = YES;
				CLANG_CXX_LANGUAGE_STANDARD = "gnu++0x";
				CLANG_CXX_LIBRARY = "libc++";
				CLANG_ENABLE_MODULES = YES;
				CLANG_ENABLE_OBJC_ARC = YES;
				CLANG_WARN_BOOL_CONVERSION = YES;
				CLANG_WARN_CONSTANT_CONVERSION = YES;
				CLANG_WARN_DIRECT_OBJC_ISA_USAGE = YES_ERROR;
				CLANG_WARN_EMPTY_BODY = YES;
				CLANG_WARN_ENUM_CONVERSION = YES;
				CLANG_WARN_INT_CONVERSION = YES;
				CLANG_WARN_OBJC_ROOT_CLASS = YES_ERROR;
				CLANG_WARN_UNREACHABLE_CODE = YES;
				CLANG_WARN__DUPLICATE_METHOD_MATCH = YES;
				CODE_SIGN_ENTITLEMENTS = Entitlements.plist;
				CODE_SIGN_IDENTITY = "-";
				"CODE_SIGN_IDENTITY[sdk=iphoneos*]" = "-";
				COPY_PHASE_STRIP = NO;
				ENABLE_NS_ASSERTIONS = NO;
				ENABLE_STRICT_OBJC_MSGSEND = YES;
				GCC_C_LANGUAGE_STANDARD = gnu99;
				GCC_WARN_64_TO_32_BIT_CONVERSION = YES;
				GCC_WARN_ABOUT_RETURN_TYPE = YES_ERROR;
				GCC_WARN_UNDECLARED_SELECTOR = YES;
				GCC_WARN_UNINITIALIZED_AUTOS = YES_AGGRESSIVE;
				GCC_WARN_UNUSED_FUNCTION = YES;
				GCC_WARN_UNUSED_VARIABLE = YES;
				IPHONEOS_DEPLOYMENT_TARGET = 8.0;
				MTL_ENABLE_DEBUG_INFO = NO;
				SDKROOT = iphoneos;
				TARGETED_DEVICE_FAMILY = "1,2";
				USER_HEADER_SEARCH_PATHS = "$(PROJECT_DIR)/DolphiniOS/libraries/includes/**";
				VALIDATE_PRODUCT = YES;
			};
			name = Release;
		};
		046461481AB902CD00DB4954 /* Debug */ = {
			isa = XCBuildConfiguration;
			buildSettings = {
				ALWAYS_SEARCH_USER_PATHS = YES;
				ASSETCATALOG_COMPILER_APPICON_NAME = AppIcon;
				CLANG_ENABLE_MODULES = YES;
				CODE_SIGN_IDENTITY = "-";
				INFOPLIST_FILE = DolphiniOS/Info.plist;
				LD_RUNPATH_SEARCH_PATHS = "$(inherited) @executable_path/Frameworks";
				LIBRARY_SEARCH_PATHS = (
					"$(inherited)",
					"$(PROJECT_DIR)/DolphiniOS/libraries/",
					/Users/mac/Documents/libs,
					"$(PROJECT_DIR)/DolphiniOS/libraries",
				);
				OTHER_LDFLAGS = (
					"-ObjC",
					"-all_load",
				);
				PRODUCT_NAME = "$(TARGET_NAME)";
				SWIFT_OBJC_BRIDGING_HEADER = "DolphiniOS/DolphiniOS-Bridging-Header.h";
				SWIFT_OPTIMIZATION_LEVEL = "-Onone";
				USER_HEADER_SEARCH_PATHS = "$(PROJECT_DIR)/DolphiniOS/libraries/includes/**";
				VALID_ARCHS = arm64;
			};
			name = Debug;
		};
		046461491AB902CD00DB4954 /* Release */ = {
			isa = XCBuildConfiguration;
			buildSettings = {
				ALWAYS_SEARCH_USER_PATHS = YES;
				ASSETCATALOG_COMPILER_APPICON_NAME = AppIcon;
				CLANG_ENABLE_MODULES = YES;
				CODE_SIGN_IDENTITY = "-";
				INFOPLIST_FILE = DolphiniOS/Info.plist;
				LD_RUNPATH_SEARCH_PATHS = "$(inherited) @executable_path/Frameworks";
				LIBRARY_SEARCH_PATHS = (
					"$(inherited)",
					"$(PROJECT_DIR)/DolphiniOS/libraries/",
					/Users/mac/Documents/libs,
					"$(PROJECT_DIR)/DolphiniOS/libraries",
				);
				OTHER_LDFLAGS = (
					"-ObjC",
					"-all_load",
				);
				PRODUCT_NAME = "$(TARGET_NAME)";
				SWIFT_OBJC_BRIDGING_HEADER = "DolphiniOS/DolphiniOS-Bridging-Header.h";
				USER_HEADER_SEARCH_PATHS = "$(PROJECT_DIR)/DolphiniOS/libraries/includes/**";
				VALID_ARCHS = arm64;
			};
			name = Release;
		};
		0464614B1AB902CD00DB4954 /* Debug */ = {
			isa = XCBuildConfiguration;
			buildSettings = {
				BUNDLE_LOADER = "$(TEST_HOST)";
				CLANG_ENABLE_MODULES = YES;
				FRAMEWORK_SEARCH_PATHS = (
					"$(SDKROOT)/Developer/Library/Frameworks",
					"$(inherited)",
				);
				GCC_PREPROCESSOR_DEFINITIONS = (
					"DEBUG=1",
					"$(inherited)",
				);
				INFOPLIST_FILE = DolphiniOSTests/Info.plist;
				LD_RUNPATH_SEARCH_PATHS = "$(inherited) @executable_path/Frameworks @loader_path/Frameworks";
				LIBRARY_SEARCH_PATHS = (
					"$(inherited)",
					/Users/mac/Documents/libs,
					"$(PROJECT_DIR)/DolphiniOS/libraries",
				);
				PRODUCT_NAME = "$(TARGET_NAME)";
				SWIFT_OBJC_BRIDGING_HEADER = "DolphiniOS/DolphiniOSTests-Bridging-Header.h";
				SWIFT_OPTIMIZATION_LEVEL = "-Onone";
				TEST_HOST = "$(BUILT_PRODUCTS_DIR)/DolphiniOS.app/DolphiniOS";
				USER_HEADER_SEARCH_PATHS = "$(PROJECT_DIR)/DolphiniOS/libraries/includes/**";
			};
			name = Debug;
		};
		0464614C1AB902CD00DB4954 /* Release */ = {
			isa = XCBuildConfiguration;
			buildSettings = {
				BUNDLE_LOADER = "$(TEST_HOST)";
				CLANG_ENABLE_MODULES = YES;
				FRAMEWORK_SEARCH_PATHS = (
					"$(SDKROOT)/Developer/Library/Frameworks",
					"$(inherited)",
				);
				INFOPLIST_FILE = DolphiniOSTests/Info.plist;
				LD_RUNPATH_SEARCH_PATHS = "$(inherited) @executable_path/Frameworks @loader_path/Frameworks";
				LIBRARY_SEARCH_PATHS = (
					"$(inherited)",
					/Users/mac/Documents/libs,
					"$(PROJECT_DIR)/DolphiniOS/libraries",
				);
				PRODUCT_NAME = "$(TARGET_NAME)";
				SWIFT_OBJC_BRIDGING_HEADER = "DolphiniOS/DolphiniOSTests-Bridging-Header.h";
				TEST_HOST = "$(BUILT_PRODUCTS_DIR)/DolphiniOS.app/DolphiniOS";
				USER_HEADER_SEARCH_PATHS = "$(PROJECT_DIR)/DolphiniOS/libraries/includes/**";
			};
			name = Release;
		};
/* End XCBuildConfiguration section */

/* Begin XCConfigurationList section */
		046461231AB902CD00DB4954 /* Build configuration list for PBXProject "DolphiniOS" */ = {
			isa = XCConfigurationList;
			buildConfigurations = (
				046461451AB902CD00DB4954 /* Debug */,
				046461461AB902CD00DB4954 /* Release */,
			);
			defaultConfigurationIsVisible = 0;
			defaultConfigurationName = Release;
		};
		046461471AB902CD00DB4954 /* Build configuration list for PBXNativeTarget "DolphiniOS" */ = {
			isa = XCConfigurationList;
			buildConfigurations = (
				046461481AB902CD00DB4954 /* Debug */,
				046461491AB902CD00DB4954 /* Release */,
			);
			defaultConfigurationIsVisible = 0;
		};
		0464614A1AB902CD00DB4954 /* Build configuration list for PBXNativeTarget "DolphiniOSTests" */ = {
			isa = XCConfigurationList;
			buildConfigurations = (
				0464614B1AB902CD00DB4954 /* Debug */,
				0464614C1AB902CD00DB4954 /* Release */,
			);
			defaultConfigurationIsVisible = 0;
		};
/* End XCConfigurationList section */
	};
	rootObject = 046461201AB902CD00DB4954 /* Project object */;
}
