// !$*UTF8*$!
{
	archiveVersion = 1;
	classes = {
	};
	objectVersion = 46;
	objects = {

/* Begin PBXAggregateTarget section */
		04C31D6C1C3C7737009C86A6 /* Install to Jailbroken Device */ = {
			isa = PBXAggregateTarget;
			buildConfigurationList = 04C31D6D1C3C7737009C86A6 /* Build configuration list for PBXAggregateTarget "Install to Jailbroken Device" */;
			buildPhases = (
				04C31D721C3C774C009C86A6 /* ShellScript */,
			);
			dependencies = (
				046EF9FC1C41A14F00633D15 /* PBXTargetDependency */,
			);
			name = "Install to Jailbroken Device";
			productName = "Install to Jailbroken Device";
		};
/* End PBXAggregateTarget section */

/* Begin PBXBuildFile section */
		0449EBAE1C39F1E5007DFCB8 /* libaudiocommon.a in Frameworks */ = {isa = PBXBuildFile; fileRef = 0449EB981C39F1E4007DFCB8 /* libaudiocommon.a */; };
		0449EBAF1C39F1E5007DFCB8 /* libbdisasm.a in Frameworks */ = {isa = PBXBuildFile; fileRef = 0449EB991C39F1E4007DFCB8 /* libbdisasm.a */; };
		0449EBB01C39F1E5007DFCB8 /* libcommon.a in Frameworks */ = {isa = PBXBuildFile; fileRef = 0449EB9A1C39F1E4007DFCB8 /* libcommon.a */; };
		0449EBB11C39F1E5007DFCB8 /* libcore.a in Frameworks */ = {isa = PBXBuildFile; fileRef = 0449EB9B1C39F1E4007DFCB8 /* libcore.a */; };
		0449EBB21C39F1E5007DFCB8 /* libdiscio.a in Frameworks */ = {isa = PBXBuildFile; fileRef = 0449EB9C1C39F1E4007DFCB8 /* libdiscio.a */; };
		0449EBB31C39F1E5007DFCB8 /* libenet.a in Frameworks */ = {isa = PBXBuildFile; fileRef = 0449EB9D1C39F1E4007DFCB8 /* libenet.a */; };
		0449EBB41C39F1E5007DFCB8 /* libinputcommon.a in Frameworks */ = {isa = PBXBuildFile; fileRef = 0449EB9E1C39F1E4007DFCB8 /* libinputcommon.a */; };
		0449EBB51C39F1E5007DFCB8 /* liblzo2.a in Frameworks */ = {isa = PBXBuildFile; fileRef = 0449EB9F1C39F1E4007DFCB8 /* liblzo2.a */; };
		0449EBB61C39F1E5007DFCB8 /* libmain.a in Frameworks */ = {isa = PBXBuildFile; fileRef = 0449EBA01C39F1E4007DFCB8 /* libmain.a */; };
		0449EBB71C39F1E5007DFCB8 /* libmbedcrypto.a in Frameworks */ = {isa = PBXBuildFile; fileRef = 0449EBA11C39F1E5007DFCB8 /* libmbedcrypto.a */; };
		0449EBB81C39F1E5007DFCB8 /* libmbedtls.a in Frameworks */ = {isa = PBXBuildFile; fileRef = 0449EBA21C39F1E5007DFCB8 /* libmbedtls.a */; };
		0449EBB91C39F1E5007DFCB8 /* libmbedx509.a in Frameworks */ = {isa = PBXBuildFile; fileRef = 0449EBA31C39F1E5007DFCB8 /* libmbedx509.a */; };
		0449EBBB1C39F1E5007DFCB8 /* libpng.a in Frameworks */ = {isa = PBXBuildFile; fileRef = 0449EBA51C39F1E5007DFCB8 /* libpng.a */; };
		0449EBBC1C39F1E5007DFCB8 /* libsfml-network.a in Frameworks */ = {isa = PBXBuildFile; fileRef = 0449EBA61C39F1E5007DFCB8 /* libsfml-network.a */; };
		0449EBBD1C39F1E5007DFCB8 /* libsfml-system.a in Frameworks */ = {isa = PBXBuildFile; fileRef = 0449EBA71C39F1E5007DFCB8 /* libsfml-system.a */; };
		0449EBBE1C39F1E5007DFCB8 /* libSOIL.a in Frameworks */ = {isa = PBXBuildFile; fileRef = 0449EBA81C39F1E5007DFCB8 /* libSOIL.a */; };
		0449EBBF1C39F1E5007DFCB8 /* libuicommon.a in Frameworks */ = {isa = PBXBuildFile; fileRef = 0449EBA91C39F1E5007DFCB8 /* libuicommon.a */; };
		0449EBC01C39F1E5007DFCB8 /* libvideocommon.a in Frameworks */ = {isa = PBXBuildFile; fileRef = 0449EBAA1C39F1E5007DFCB8 /* libvideocommon.a */; };
		0449EBC11C39F1E5007DFCB8 /* libvideoogl.a in Frameworks */ = {isa = PBXBuildFile; fileRef = 0449EBAB1C39F1E5007DFCB8 /* libvideoogl.a */; };
		0449EBC21C39F1E5007DFCB8 /* libvideosoftware.a in Frameworks */ = {isa = PBXBuildFile; fileRef = 0449EBAC1C39F1E5007DFCB8 /* libvideosoftware.a */; };
		0449EBC31C39F1E5007DFCB8 /* libxxhash.a in Frameworks */ = {isa = PBXBuildFile; fileRef = 0449EBAD1C39F1E5007DFCB8 /* libxxhash.a */; };
		0449EBC71C39F4E6007DFCB8 /* starfield.dol in Resources */ = {isa = PBXBuildFile; fileRef = 0449EBC61C39F4E6007DFCB8 /* starfield.dol */; };
		0449EBCB1C39FB5C007DFCB8 /* AudioToolbox.framework in Frameworks */ = {isa = PBXBuildFile; fileRef = 0449EBCA1C39FB5C007DFCB8 /* AudioToolbox.framework */; };
		0449EBCD1C39FCB9007DFCB8 /* libc++.tbd in Frameworks */ = {isa = PBXBuildFile; fileRef = 0449EBCC1C39FCB9007DFCB8 /* libc++.tbd */; };
		0449EBCF1C39FCFB007DFCB8 /* libz.tbd in Frameworks */ = {isa = PBXBuildFile; fileRef = 0449EBCE1C39FCFB007DFCB8 /* libz.tbd */; };
		0449EBD11C39FD17007DFCB8 /* libiconv.tbd in Frameworks */ = {isa = PBXBuildFile; fileRef = 0449EBD01C39FD17007DFCB8 /* libiconv.tbd */; };
		0449EBD31C3A0E75007DFCB8 /* OpenGLES.framework in Frameworks */ = {isa = PBXBuildFile; fileRef = 0449EBD21C3A0E75007DFCB8 /* OpenGLES.framework */; };
		049B00411C38D4FB001D7A21 /* main.m in Sources */ = {isa = PBXBuildFile; fileRef = 049B00401C38D4FB001D7A21 /* main.m */; };
		049B00441C38D4FB001D7A21 /* AppDelegate.m in Sources */ = {isa = PBXBuildFile; fileRef = 049B00431C38D4FB001D7A21 /* AppDelegate.m */; };
		049B00471C38D4FB001D7A21 /* ViewController.m in Sources */ = {isa = PBXBuildFile; fileRef = 049B00461C38D4FB001D7A21 /* ViewController.m */; };
		049B004A1C38D4FB001D7A21 /* Main.storyboard in Resources */ = {isa = PBXBuildFile; fileRef = 049B00481C38D4FB001D7A21 /* Main.storyboard */; };
		049B004C1C38D4FB001D7A21 /* Assets.xcassets in Resources */ = {isa = PBXBuildFile; fileRef = 049B004B1C38D4FB001D7A21 /* Assets.xcassets */; };
		049B004F1C38D4FB001D7A21 /* LaunchScreen.storyboard in Resources */ = {isa = PBXBuildFile; fileRef = 049B004D1C38D4FB001D7A21 /* LaunchScreen.storyboard */; };
		049B00581C38D8B1001D7A21 /* GLView.m in Sources */ = {isa = PBXBuildFile; fileRef = 049B00571C38D8B1001D7A21 /* GLView.m */; };
/* End PBXBuildFile section */

/* Begin PBXContainerItemProxy section */
		046EF9FB1C41A14F00633D15 /* PBXContainerItemProxy */ = {
			isa = PBXContainerItemProxy;
			containerPortal = 049B00341C38D4FB001D7A21 /* Project object */;
			proxyType = 1;
			remoteGlobalIDString = 049B003B1C38D4FB001D7A21;
			remoteInfo = DolphiniOS;
		};
/* End PBXContainerItemProxy section */

/* Begin PBXFileReference section */
		0449EB981C39F1E4007DFCB8 /* libaudiocommon.a */ = {isa = PBXFileReference; lastKnownFileType = archive.ar; name = libaudiocommon.a; path = libs/libaudiocommon.a; sourceTree = "<group>"; };
		0449EB991C39F1E4007DFCB8 /* libbdisasm.a */ = {isa = PBXFileReference; lastKnownFileType = archive.ar; name = libbdisasm.a; path = libs/libbdisasm.a; sourceTree = "<group>"; };
		0449EB9A1C39F1E4007DFCB8 /* libcommon.a */ = {isa = PBXFileReference; lastKnownFileType = archive.ar; name = libcommon.a; path = libs/libcommon.a; sourceTree = "<group>"; };
		0449EB9B1C39F1E4007DFCB8 /* libcore.a */ = {isa = PBXFileReference; lastKnownFileType = archive.ar; name = libcore.a; path = libs/libcore.a; sourceTree = "<group>"; };
		0449EB9C1C39F1E4007DFCB8 /* libdiscio.a */ = {isa = PBXFileReference; lastKnownFileType = archive.ar; name = libdiscio.a; path = libs/libdiscio.a; sourceTree = "<group>"; };
		0449EB9D1C39F1E4007DFCB8 /* libenet.a */ = {isa = PBXFileReference; lastKnownFileType = archive.ar; name = libenet.a; path = libs/libenet.a; sourceTree = "<group>"; };
		0449EB9E1C39F1E4007DFCB8 /* libinputcommon.a */ = {isa = PBXFileReference; lastKnownFileType = archive.ar; name = libinputcommon.a; path = libs/libinputcommon.a; sourceTree = "<group>"; };
		0449EB9F1C39F1E4007DFCB8 /* liblzo2.a */ = {isa = PBXFileReference; lastKnownFileType = archive.ar; name = liblzo2.a; path = libs/liblzo2.a; sourceTree = "<group>"; };
		0449EBA01C39F1E4007DFCB8 /* libmain.a */ = {isa = PBXFileReference; lastKnownFileType = archive.ar; name = libmain.a; path = libs/libmain.a; sourceTree = "<group>"; };
		0449EBA11C39F1E5007DFCB8 /* libmbedcrypto.a */ = {isa = PBXFileReference; lastKnownFileType = archive.ar; name = libmbedcrypto.a; path = libs/libmbedcrypto.a; sourceTree = "<group>"; };
		0449EBA21C39F1E5007DFCB8 /* libmbedtls.a */ = {isa = PBXFileReference; lastKnownFileType = archive.ar; name = libmbedtls.a; path = libs/libmbedtls.a; sourceTree = "<group>"; };
		0449EBA31C39F1E5007DFCB8 /* libmbedx509.a */ = {isa = PBXFileReference; lastKnownFileType = archive.ar; name = libmbedx509.a; path = libs/libmbedx509.a; sourceTree = "<group>"; };
		0449EBA41C39F1E5007DFCB8 /* libpch.a */ = {isa = PBXFileReference; lastKnownFileType = archive.ar; name = libpch.a; path = libs/libpch.a; sourceTree = "<group>"; };
		0449EBA51C39F1E5007DFCB8 /* libpng.a */ = {isa = PBXFileReference; lastKnownFileType = archive.ar; name = libpng.a; path = libs/libpng.a; sourceTree = "<group>"; };
		0449EBA61C39F1E5007DFCB8 /* libsfml-network.a */ = {isa = PBXFileReference; lastKnownFileType = archive.ar; name = "libsfml-network.a"; path = "libs/libsfml-network.a"; sourceTree = "<group>"; };
		0449EBA71C39F1E5007DFCB8 /* libsfml-system.a */ = {isa = PBXFileReference; lastKnownFileType = archive.ar; name = "libsfml-system.a"; path = "libs/libsfml-system.a"; sourceTree = "<group>"; };
		0449EBA81C39F1E5007DFCB8 /* libSOIL.a */ = {isa = PBXFileReference; lastKnownFileType = archive.ar; name = libSOIL.a; path = libs/libSOIL.a; sourceTree = "<group>"; };
		0449EBA91C39F1E5007DFCB8 /* libuicommon.a */ = {isa = PBXFileReference; lastKnownFileType = archive.ar; name = libuicommon.a; path = libs/libuicommon.a; sourceTree = "<group>"; };
		0449EBAA1C39F1E5007DFCB8 /* libvideocommon.a */ = {isa = PBXFileReference; lastKnownFileType = archive.ar; name = libvideocommon.a; path = libs/libvideocommon.a; sourceTree = "<group>"; };
		0449EBAB1C39F1E5007DFCB8 /* libvideoogl.a */ = {isa = PBXFileReference; lastKnownFileType = archive.ar; name = libvideoogl.a; path = libs/libvideoogl.a; sourceTree = "<group>"; };
		0449EBAC1C39F1E5007DFCB8 /* libvideosoftware.a */ = {isa = PBXFileReference; lastKnownFileType = archive.ar; name = libvideosoftware.a; path = libs/libvideosoftware.a; sourceTree = "<group>"; };
		0449EBAD1C39F1E5007DFCB8 /* libxxhash.a */ = {isa = PBXFileReference; lastKnownFileType = archive.ar; name = libxxhash.a; path = libs/libxxhash.a; sourceTree = "<group>"; };
		0449EBC61C39F4E6007DFCB8 /* starfield.dol */ = {isa = PBXFileReference; lastKnownFileType = file; path = starfield.dol; sourceTree = "<group>"; };
		0449EBC81C39FB20007DFCB8 /* AudioUnit.framework */ = {isa = PBXFileReference; lastKnownFileType = wrapper.framework; name = AudioUnit.framework; path = System/Library/Frameworks/AudioUnit.framework; sourceTree = SDKROOT; };
		0449EBCA1C39FB5C007DFCB8 /* AudioToolbox.framework */ = {isa = PBXFileReference; lastKnownFileType = wrapper.framework; name = AudioToolbox.framework; path = System/Library/Frameworks/AudioToolbox.framework; sourceTree = SDKROOT; };
		0449EBCC1C39FCB9007DFCB8 /* libc++.tbd */ = {isa = PBXFileReference; lastKnownFileType = "sourcecode.text-based-dylib-definition"; name = "libc++.tbd"; path = "usr/lib/libc++.tbd"; sourceTree = SDKROOT; };
		0449EBCE1C39FCFB007DFCB8 /* libz.tbd */ = {isa = PBXFileReference; lastKnownFileType = "sourcecode.text-based-dylib-definition"; name = libz.tbd; path = usr/lib/libz.tbd; sourceTree = SDKROOT; };
		0449EBD01C39FD17007DFCB8 /* libiconv.tbd */ = {isa = PBXFileReference; lastKnownFileType = "sourcecode.text-based-dylib-definition"; name = libiconv.tbd; path = usr/lib/libiconv.tbd; sourceTree = SDKROOT; };
		0449EBD21C3A0E75007DFCB8 /* OpenGLES.framework */ = {isa = PBXFileReference; lastKnownFileType = wrapper.framework; name = OpenGLES.framework; path = System/Library/Frameworks/OpenGLES.framework; sourceTree = SDKROOT; };
		049B003C1C38D4FB001D7A21 /* DolphiniOS.app */ = {isa = PBXFileReference; explicitFileType = wrapper.application; includeInIndex = 0; path = DolphiniOS.app; sourceTree = BUILT_PRODUCTS_DIR; };
		049B00401C38D4FB001D7A21 /* main.m */ = {isa = PBXFileReference; lastKnownFileType = sourcecode.c.objc; path = main.m; sourceTree = "<group>"; };
		049B00421C38D4FB001D7A21 /* AppDelegate.h */ = {isa = PBXFileReference; lastKnownFileType = sourcecode.c.h; path = AppDelegate.h; sourceTree = "<group>"; };
		049B00431C38D4FB001D7A21 /* AppDelegate.m */ = {isa = PBXFileReference; lastKnownFileType = sourcecode.c.objc; path = AppDelegate.m; sourceTree = "<group>"; };
		049B00451C38D4FB001D7A21 /* ViewController.h */ = {isa = PBXFileReference; lastKnownFileType = sourcecode.c.h; path = ViewController.h; sourceTree = "<group>"; };
		049B00461C38D4FB001D7A21 /* ViewController.m */ = {isa = PBXFileReference; lastKnownFileType = sourcecode.c.objc; path = ViewController.m; sourceTree = "<group>"; };
		049B00491C38D4FB001D7A21 /* Base */ = {isa = PBXFileReference; lastKnownFileType = file.storyboard; name = Base; path = Base.lproj/Main.storyboard; sourceTree = "<group>"; };
		049B004B1C38D4FB001D7A21 /* Assets.xcassets */ = {isa = PBXFileReference; lastKnownFileType = folder.assetcatalog; path = Assets.xcassets; sourceTree = "<group>"; };
		049B004E1C38D4FB001D7A21 /* Base */ = {isa = PBXFileReference; lastKnownFileType = file.storyboard; name = Base; path = Base.lproj/LaunchScreen.storyboard; sourceTree = "<group>"; };
		049B00501C38D4FB001D7A21 /* Info.plist */ = {isa = PBXFileReference; lastKnownFileType = text.plist.xml; path = Info.plist; sourceTree = "<group>"; };
		049B00561C38D8B1001D7A21 /* GLView.h */ = {isa = PBXFileReference; fileEncoding = 4; lastKnownFileType = sourcecode.c.h; path = GLView.h; sourceTree = "<group>"; };
		049B00571C38D8B1001D7A21 /* GLView.m */ = {isa = PBXFileReference; fileEncoding = 4; lastKnownFileType = sourcecode.c.objc; path = GLView.m; sourceTree = "<group>"; };
/* End PBXFileReference section */

/* Begin PBXFrameworksBuildPhase section */
		049B00391C38D4FB001D7A21 /* Frameworks */ = {
			isa = PBXFrameworksBuildPhase;
			buildActionMask = 2147483647;
			files = (
				0449EBCD1C39FCB9007DFCB8 /* libc++.tbd in Frameworks */,
				0449EBCF1C39FCFB007DFCB8 /* libz.tbd in Frameworks */,
				0449EBD11C39FD17007DFCB8 /* libiconv.tbd in Frameworks */,
				0449EBCB1C39FB5C007DFCB8 /* AudioToolbox.framework in Frameworks */,
				0449EBD31C3A0E75007DFCB8 /* OpenGLES.framework in Frameworks */,
				0449EBBB1C39F1E5007DFCB8 /* libpng.a in Frameworks */,
				0449EBB31C39F1E5007DFCB8 /* libenet.a in Frameworks */,
				0449EBB51C39F1E5007DFCB8 /* liblzo2.a in Frameworks */,
				0449EBB81C39F1E5007DFCB8 /* libmbedtls.a in Frameworks */,
				0449EBAF1C39F1E5007DFCB8 /* libbdisasm.a in Frameworks */,
				0449EBB71C39F1E5007DFCB8 /* libmbedcrypto.a in Frameworks */,
				0449EBB91C39F1E5007DFCB8 /* libmbedx509.a in Frameworks */,
				0449EBBE1C39F1E5007DFCB8 /* libSOIL.a in Frameworks */,
				0449EBBC1C39F1E5007DFCB8 /* libsfml-network.a in Frameworks */,
				0449EBBD1C39F1E5007DFCB8 /* libsfml-system.a in Frameworks */,
				0449EBC31C39F1E5007DFCB8 /* libxxhash.a in Frameworks */,
				0449EBB01C39F1E5007DFCB8 /* libcommon.a in Frameworks */,
				0449EBB11C39F1E5007DFCB8 /* libcore.a in Frameworks */,
				0449EBAE1C39F1E5007DFCB8 /* libaudiocommon.a in Frameworks */,
				0449EBC01C39F1E5007DFCB8 /* libvideocommon.a in Frameworks */,
				0449EBBF1C39F1E5007DFCB8 /* libuicommon.a in Frameworks */,
				0449EBB41C39F1E5007DFCB8 /* libinputcommon.a in Frameworks */,
				0449EBB21C39F1E5007DFCB8 /* libdiscio.a in Frameworks */,
				0449EBC21C39F1E5007DFCB8 /* libvideosoftware.a in Frameworks */,
				0449EBC11C39F1E5007DFCB8 /* libvideoogl.a in Frameworks */,
				0449EBB61C39F1E5007DFCB8 /* libmain.a in Frameworks */,
			);
			runOnlyForDeploymentPostprocessing = 0;
		};
/* End PBXFrameworksBuildPhase section */

/* Begin PBXGroup section */
		0449EBC51C39F214007DFCB8 /* Libraries */ = {
			isa = PBXGroup;
			children = (
				0449EBD21C3A0E75007DFCB8 /* OpenGLES.framework */,
				0449EBD01C39FD17007DFCB8 /* libiconv.tbd */,
				0449EBCE1C39FCFB007DFCB8 /* libz.tbd */,
				0449EBCC1C39FCB9007DFCB8 /* libc++.tbd */,
				0449EBCA1C39FB5C007DFCB8 /* AudioToolbox.framework */,
				0449EBC81C39FB20007DFCB8 /* AudioUnit.framework */,
				0449EB981C39F1E4007DFCB8 /* libaudiocommon.a */,
				0449EB991C39F1E4007DFCB8 /* libbdisasm.a */,
				0449EB9A1C39F1E4007DFCB8 /* libcommon.a */,
				0449EB9B1C39F1E4007DFCB8 /* libcore.a */,
				0449EB9C1C39F1E4007DFCB8 /* libdiscio.a */,
				0449EB9D1C39F1E4007DFCB8 /* libenet.a */,
				0449EB9E1C39F1E4007DFCB8 /* libinputcommon.a */,
				0449EB9F1C39F1E4007DFCB8 /* liblzo2.a */,
				0449EBA01C39F1E4007DFCB8 /* libmain.a */,
				0449EBA11C39F1E5007DFCB8 /* libmbedcrypto.a */,
				0449EBA21C39F1E5007DFCB8 /* libmbedtls.a */,
				0449EBA31C39F1E5007DFCB8 /* libmbedx509.a */,
				0449EBA41C39F1E5007DFCB8 /* libpch.a */,
				0449EBA51C39F1E5007DFCB8 /* libpng.a */,
				0449EBA61C39F1E5007DFCB8 /* libsfml-network.a */,
				0449EBA71C39F1E5007DFCB8 /* libsfml-system.a */,
				0449EBA81C39F1E5007DFCB8 /* libSOIL.a */,
				0449EBA91C39F1E5007DFCB8 /* libuicommon.a */,
				0449EBAA1C39F1E5007DFCB8 /* libvideocommon.a */,
				0449EBAB1C39F1E5007DFCB8 /* libvideoogl.a */,
				0449EBAC1C39F1E5007DFCB8 /* libvideosoftware.a */,
				0449EBAD1C39F1E5007DFCB8 /* libxxhash.a */,
			);
			name = Libraries;
			sourceTree = "<group>";
		};
		049B00331C38D4FB001D7A21 = {
			isa = PBXGroup;
			children = (
				0449EBC61C39F4E6007DFCB8 /* starfield.dol */,
				049B003E1C38D4FB001D7A21 /* DolphiniOS */,
				049B003D1C38D4FB001D7A21 /* Products */,
				0449EBC51C39F214007DFCB8 /* Libraries */,
			);
			sourceTree = "<group>";
			usesTabs = 1;
		};
		049B003D1C38D4FB001D7A21 /* Products */ = {
			isa = PBXGroup;
			children = (
				049B003C1C38D4FB001D7A21 /* DolphiniOS.app */,
			);
			name = Products;
			sourceTree = "<group>";
		};
		049B003E1C38D4FB001D7A21 /* DolphiniOS */ = {
			isa = PBXGroup;
			children = (
				049B00421C38D4FB001D7A21 /* AppDelegate.h */,
				049B00431C38D4FB001D7A21 /* AppDelegate.m */,
				049B00561C38D8B1001D7A21 /* GLView.h */,
				049B00571C38D8B1001D7A21 /* GLView.m */,
				049B00451C38D4FB001D7A21 /* ViewController.h */,
				049B00461C38D4FB001D7A21 /* ViewController.m */,
				049B00481C38D4FB001D7A21 /* Main.storyboard */,
				049B004B1C38D4FB001D7A21 /* Assets.xcassets */,
				049B004D1C38D4FB001D7A21 /* LaunchScreen.storyboard */,
				049B00501C38D4FB001D7A21 /* Info.plist */,
				049B003F1C38D4FB001D7A21 /* Supporting Files */,
			);
			path = DolphiniOS;
			sourceTree = "<group>";
		};
		049B003F1C38D4FB001D7A21 /* Supporting Files */ = {
			isa = PBXGroup;
			children = (
				049B00401C38D4FB001D7A21 /* main.m */,
			);
			name = "Supporting Files";
			sourceTree = "<group>";
		};
/* End PBXGroup section */

/* Begin PBXNativeTarget section */
		049B003B1C38D4FB001D7A21 /* DolphiniOS */ = {
			isa = PBXNativeTarget;
			buildConfigurationList = 049B00531C38D4FB001D7A21 /* Build configuration list for PBXNativeTarget "DolphiniOS" */;
			buildPhases = (
				0449EB951C39A822007DFCB8 /* Build Dolphin Libraries */,
				049B00381C38D4FB001D7A21 /* Sources */,
				049B00391C38D4FB001D7A21 /* Frameworks */,
				049B003A1C38D4FB001D7A21 /* Resources */,
				046EF9FA1C41A00100633D15 /* Copy Outputs */,
			);
			buildRules = (
			);
			dependencies = (
			);
			name = DolphiniOS;
			productName = DolphiniOS;
			productReference = 049B003C1C38D4FB001D7A21 /* DolphiniOS.app */;
			productType = "com.apple.product-type.application";
		};
/* End PBXNativeTarget section */

/* Begin PBXProject section */
		049B00341C38D4FB001D7A21 /* Project object */ = {
			isa = PBXProject;
			attributes = {
				LastUpgradeCheck = 0710;
				ORGANIZATIONNAME = "Dolphin Emulator Project";
				TargetAttributes = {
					049B003B1C38D4FB001D7A21 = {
						CreatedOnToolsVersion = 7.1.1;
					};
					04C31D6C1C3C7737009C86A6 = {
						CreatedOnToolsVersion = 7.1.1;
					};
				};
			};
			buildConfigurationList = 049B00371C38D4FB001D7A21 /* Build configuration list for PBXProject "DolphiniOS" */;
			compatibilityVersion = "Xcode 3.2";
			developmentRegion = English;
			hasScannedForEncodings = 0;
			knownRegions = (
				en,
				Base,
			);
			mainGroup = 049B00331C38D4FB001D7A21;
			productRefGroup = 049B003D1C38D4FB001D7A21 /* Products */;
			projectDirPath = "";
			projectRoot = "";
			targets = (
				049B003B1C38D4FB001D7A21 /* DolphiniOS */,
				04C31D6C1C3C7737009C86A6 /* Install to Jailbroken Device */,
			);
		};
/* End PBXProject section */

/* Begin PBXResourcesBuildPhase section */
		049B003A1C38D4FB001D7A21 /* Resources */ = {
			isa = PBXResourcesBuildPhase;
			buildActionMask = 2147483647;
			files = (
				0449EBC71C39F4E6007DFCB8 /* starfield.dol in Resources */,
				049B004F1C38D4FB001D7A21 /* LaunchScreen.storyboard in Resources */,
				049B004C1C38D4FB001D7A21 /* Assets.xcassets in Resources */,
				049B004A1C38D4FB001D7A21 /* Main.storyboard in Resources */,
			);
			runOnlyForDeploymentPostprocessing = 0;
		};
/* End PBXResourcesBuildPhase section */

/* Begin PBXShellScriptBuildPhase section */
		0449EB951C39A822007DFCB8 /* Build Dolphin Libraries */ = {
			isa = PBXShellScriptBuildPhase;
			buildActionMask = 2147483647;
			files = (
			);
			inputPaths = (
			);
			name = "Build Dolphin Libraries";
			outputPaths = (
			);
			runOnlyForDeploymentPostprocessing = 0;
			shellPath = /bin/sh;
			shellScript = "# Determine what platform to pass to the CMake toolchain\nPLATFORM=\"\"\nif [ \"$arch\" == \"arm64\" ]\nthen\n    PLATFORM=\"OS\"\nelif [ \"$arch\" == \"x86_64\" ]\nthen\n    PLATFORM=\"SIMULATOR64\"\nelse\n    echo \"This architecture is unsupported.\"\n    exit 1\nfi\n\n# Do some clean up.\nfunction removeIfExists {\n    if [ -d \"$1\" ]\n    then\n        rm -rf \"$1\"\n    fi\n}\n\nremoveIfExists \"$SOURCE_ROOT/../../../Build-$arch/Binaries/DolphiniOS.app\"\nremoveIfExists \"$SOURCE_ROOT/../../../Build-$arch/Binaries/DolphiniOS.deb\"\nremoveIfExists \"$BUILT_PRODUCTS_DIR/DolphiniOS.deb\"\nremoveIfExists \"$TEMP_DIR/deb\"\n\n# Create our build directory and cd into it.\n# $SOURCE_ROOT = dolphin_root/Source/iOS/Application/\nif [ ! -d \"$SOURCE_ROOT/../../../Build-$arch\" ]\nthen\n    mkdir \"$SOURCE_ROOT/../../../Build-$arch\"\nfi\ncd \"$SOURCE_ROOT/../../../Build-$arch\"\n\n# Build Dolphin.\ncmake .. -DCMAKE_TOOLCHAIN_FILE=\"$SOURCE_ROOT/../ios.toolchain.cmake\" -DIOS_PLATFORM=$PLATFORM -DCMAKE_IOS_SDK_ROOT=\"$SDKROOT\"\nmake\n\nif [ ! $? -eq 0 ]\nthen\n    echo \"Build failure.\"\n    exit 1\nfi\n\n# Copy the *.a files into $SOURCE_ROOT/libs/\nif [ ! -d \"$SOURCE_ROOT/libs\" ]\nthen\n    mkdir \"$SOURCE_ROOT/libs\"\nfi\n\nfind . -name \"*.a\" -type f -exec cp {} \"$SOURCE_ROOT/libs/\" \\;\ncd \"$SOURCE_ROOT/libs\"\n\n# Remove libpch.a, it's an empty archive\nrm -f libpch.a\n\n# Run ranlib on all the libraries\nranlib *.a\n";
		};
		046EF9FA1C41A00100633D15 /* Copy Outputs */ = {
			isa = PBXShellScriptBuildPhase;
			buildActionMask = 2147483647;
			files = (
			);
			inputPaths = (
			);
			name = "Copy Outputs";
			outputPaths = (
			);
			runOnlyForDeploymentPostprocessing = 0;
			shellPath = /bin/sh;
			shellScript = "if [ \"$arch\" == \"arm64\" ]\nthen\n    # Set up the deb's directory structure.\n    mkdir \"$TEMP_DIR/deb\"\n    mkdir \"$TEMP_DIR/deb/DEBIAN\"\n    mkdir \"$TEMP_DIR/deb/Applications\"\n\n    # Add all of the files.\n    cp \"$SOURCE_ROOT/../DEB Package Files\"/* \"$TEMP_DIR/deb/DEBIAN/\"\n    cp -R \"$BUILT_PRODUCTS_DIR/DolphiniOS.app\" \"$TEMP_DIR/deb/Applications/\"\n                                    \n    # Build the .deb file.\n    dpkg-deb -Zgzip -b \"$TEMP_DIR/deb\" \"$BUILT_PRODUCTS_DIR/DolphiniOS.deb\"\n                                    \n    # Copy the .deb to the Binaries directory.\n    cp \"$BUILT_PRODUCTS_DIR/DolphiniOS.deb\" $SOURCE_ROOT/../../../Build-$arch/Binaries/\nfi\n\n# Copy the .app to the Binaries directory.\ncp -R \"$BUILT_PRODUCTS_DIR/DolphiniOS.app\" $SOURCE_ROOT/../../../Build-$arch/Binaries/";
		};
		04C31D721C3C774C009C86A6 /* ShellScript */ = {
			isa = PBXShellScriptBuildPhase;
			buildActionMask = 2147483647;
			files = (
			);
			inputPaths = (
			);
			outputPaths = (
			);
			runOnlyForDeploymentPostprocessing = 0;
			shellPath = /bin/sh;
			shellScript = "# This script is run on the device to install the application\nINSTALL_SCRIPT=\"dpkg -i /tmp/DolphiniOS.deb;rm -rf /tmp/DolphiniOS.deb\"\n\n# Fetch the IP for the device to SSH to\nDEVICE_IP=`tr -d '\\n' < \"$SOURCE_ROOT/device_ip\"`\n\nif [ \"$arch\" != \"arm64\" ]\nthen\n    echo \"Cannot install to a device with this architecture ($arch).\"\n    exit 1\nfi\n\nif [ \"$DEVICE_IP\" == \"\" ]\nthen\n    echo \"An error occurred. Does the device_ip file exist?\"\n    exit 1\nfi\n\n# Use SCP to send the package to the device\nscp -o StrictHostKeyChecking=no -o UserKnownHostsFile=/dev/null\"$BUILT_PRODUCTS_DIR/DolphiniOS.deb\" root@$DEVICE_IP:/tmp/\n\n# Run the install script over SSH.\nssh -o StrictHostKeyChecking=no -o UserKnownHostsFile=/dev/null root@$DEVICE_IP < \"$INSTALL_SCRIPT\"\n\nexit 0";
		};
/* End PBXShellScriptBuildPhase section */

/* Begin PBXSourcesBuildPhase section */
		049B00381C38D4FB001D7A21 /* Sources */ = {
			isa = PBXSourcesBuildPhase;
			buildActionMask = 2147483647;
			files = (
				049B00471C38D4FB001D7A21 /* ViewController.m in Sources */,
				049B00581C38D8B1001D7A21 /* GLView.m in Sources */,
				049B00441C38D4FB001D7A21 /* AppDelegate.m in Sources */,
				049B00411C38D4FB001D7A21 /* main.m in Sources */,
			);
			runOnlyForDeploymentPostprocessing = 0;
		};
/* End PBXSourcesBuildPhase section */

/* Begin PBXTargetDependency section */
		046EF9FC1C41A14F00633D15 /* PBXTargetDependency */ = {
			isa = PBXTargetDependency;
			target = 049B003B1C38D4FB001D7A21 /* DolphiniOS */;
			targetProxy = 046EF9FB1C41A14F00633D15 /* PBXContainerItemProxy */;
		};
/* End PBXTargetDependency section */

/* Begin PBXVariantGroup section */
		049B00481C38D4FB001D7A21 /* Main.storyboard */ = {
			isa = PBXVariantGroup;
			children = (
				049B00491C38D4FB001D7A21 /* Base */,
			);
			name = Main.storyboard;
			sourceTree = "<group>";
		};
		049B004D1C38D4FB001D7A21 /* LaunchScreen.storyboard */ = {
			isa = PBXVariantGroup;
			children = (
				049B004E1C38D4FB001D7A21 /* Base */,
			);
			name = LaunchScreen.storyboard;
			sourceTree = "<group>";
		};
/* End PBXVariantGroup section */

/* Begin XCBuildConfiguration section */
		049B00511C38D4FB001D7A21 /* Debug */ = {
			isa = XCBuildConfiguration;
			buildSettings = {
				ALWAYS_SEARCH_USER_PATHS = NO;
				ARCHS = arm64;
				CLANG_CXX_LANGUAGE_STANDARD = "gnu++0x";
				CLANG_CXX_LIBRARY = "libc++";
				CLANG_ENABLE_MODULES = YES;
				CLANG_ENABLE_OBJC_ARC = YES;
				CLANG_WARN_BOOL_CONVERSION = YES;
				CLANG_WARN_CONSTANT_CONVERSION = YES;
				CLANG_WARN_DIRECT_OBJC_ISA_USAGE = YES_ERROR;
				CLANG_WARN_EMPTY_BODY = YES;
				CLANG_WARN_ENUM_CONVERSION = YES;
				CLANG_WARN_INT_CONVERSION = YES;
				CLANG_WARN_OBJC_ROOT_CLASS = YES_ERROR;
				CLANG_WARN_UNREACHABLE_CODE = YES;
				CLANG_WARN__DUPLICATE_METHOD_MATCH = YES;
				"CODE_SIGN_IDENTITY[sdk=iphoneos*]" = "iPhone Developer";
				COPY_PHASE_STRIP = NO;
				DEBUG_INFORMATION_FORMAT = dwarf;
				ENABLE_STRICT_OBJC_MSGSEND = YES;
				ENABLE_TESTABILITY = YES;
				GCC_C_LANGUAGE_STANDARD = gnu99;
				GCC_DYNAMIC_NO_PIC = NO;
				GCC_NO_COMMON_BLOCKS = YES;
				GCC_OPTIMIZATION_LEVEL = 0;
				GCC_PREPROCESSOR_DEFINITIONS = (
					"DEBUG=1",
					"$(inherited)",
				);
				GCC_WARN_64_TO_32_BIT_CONVERSION = YES;
				GCC_WARN_ABOUT_RETURN_TYPE = YES_ERROR;
				GCC_WARN_UNDECLARED_SELECTOR = YES;
				GCC_WARN_UNINITIALIZED_AUTOS = YES_AGGRESSIVE;
				GCC_WARN_UNUSED_FUNCTION = YES;
				GCC_WARN_UNUSED_VARIABLE = YES;
				IPHONEOS_DEPLOYMENT_TARGET = 8.4;
				MTL_ENABLE_DEBUG_INFO = YES;
				ONLY_ACTIVE_ARCH = YES;
				SDKROOT = iphoneos;
				TARGETED_DEVICE_FAMILY = "1,2";
				VALID_ARCHS = arm64;
			};
			name = Debug;
		};
		049B00521C38D4FB001D7A21 /* Release */ = {
			isa = XCBuildConfiguration;
			buildSettings = {
				ALWAYS_SEARCH_USER_PATHS = NO;
				ARCHS = arm64;
				CLANG_CXX_LANGUAGE_STANDARD = "gnu++0x";
				CLANG_CXX_LIBRARY = "libc++";
				CLANG_ENABLE_MODULES = YES;
				CLANG_ENABLE_OBJC_ARC = YES;
				CLANG_WARN_BOOL_CONVERSION = YES;
				CLANG_WARN_CONSTANT_CONVERSION = YES;
				CLANG_WARN_DIRECT_OBJC_ISA_USAGE = YES_ERROR;
				CLANG_WARN_EMPTY_BODY = YES;
				CLANG_WARN_ENUM_CONVERSION = YES;
				CLANG_WARN_INT_CONVERSION = YES;
				CLANG_WARN_OBJC_ROOT_CLASS = YES_ERROR;
				CLANG_WARN_UNREACHABLE_CODE = YES;
				CLANG_WARN__DUPLICATE_METHOD_MATCH = YES;
				"CODE_SIGN_IDENTITY[sdk=iphoneos*]" = "iPhone Developer";
				COPY_PHASE_STRIP = NO;
				DEBUG_INFORMATION_FORMAT = "dwarf-with-dsym";
				ENABLE_NS_ASSERTIONS = NO;
				ENABLE_STRICT_OBJC_MSGSEND = YES;
				GCC_C_LANGUAGE_STANDARD = gnu99;
				GCC_NO_COMMON_BLOCKS = YES;
				GCC_WARN_64_TO_32_BIT_CONVERSION = YES;
				GCC_WARN_ABOUT_RETURN_TYPE = YES_ERROR;
				GCC_WARN_UNDECLARED_SELECTOR = YES;
				GCC_WARN_UNINITIALIZED_AUTOS = YES_AGGRESSIVE;
				GCC_WARN_UNUSED_FUNCTION = YES;
				GCC_WARN_UNUSED_VARIABLE = YES;
				IPHONEOS_DEPLOYMENT_TARGET = 8.4;
				MTL_ENABLE_DEBUG_INFO = NO;
				SDKROOT = iphoneos;
				TARGETED_DEVICE_FAMILY = "1,2";
				VALIDATE_PRODUCT = YES;
				VALID_ARCHS = arm64;
			};
			name = Release;
		};
		049B00541C38D4FB001D7A21 /* Debug */ = {
			isa = XCBuildConfiguration;
			buildSettings = {
				ARCHS = arm64;
				ASSETCATALOG_COMPILER_APPICON_NAME = AppIcon;
				CLANG_CXX_LANGUAGE_STANDARD = "c++14";
				CLANG_CXX_LIBRARY = "libc++";
				ENABLE_BITCODE = NO;
				HEADER_SEARCH_PATHS = "";
				INFOPLIST_FILE = DolphiniOS/Info.plist;
				IPHONEOS_DEPLOYMENT_TARGET = 8.4;
				LD_RUNPATH_SEARCH_PATHS = "$(inherited) @executable_path/Frameworks";
				LIBRARY_SEARCH_PATHS = (
					"$(inherited)",
					"$(PROJECT_DIR)/libs",
				);
				PRODUCT_BUNDLE_IDENTIFIER = "org.dolphin-emu.DolphiniOS";
				PRODUCT_NAME = "$(TARGET_NAME)";
				USER_HEADER_SEARCH_PATHS = $SOURCE_ROOT/../../../Source/Core;
				VALID_ARCHS = arm64;
			};
			name = Debug;
		};
		049B00551C38D4FB001D7A21 /* Release */ = {
			isa = XCBuildConfiguration;
			buildSettings = {
				ARCHS = arm64;
				ASSETCATALOG_COMPILER_APPICON_NAME = AppIcon;
				CLANG_CXX_LANGUAGE_STANDARD = "c++14";
				CLANG_CXX_LIBRARY = "libc++";
				ENABLE_BITCODE = NO;
				HEADER_SEARCH_PATHS = "";
				INFOPLIST_FILE = DolphiniOS/Info.plist;
				IPHONEOS_DEPLOYMENT_TARGET = 8.4;
				LD_RUNPATH_SEARCH_PATHS = "$(inherited) @executable_path/Frameworks";
				LIBRARY_SEARCH_PATHS = (
					"$(inherited)",
					"$(PROJECT_DIR)/libs",
				);
				PRODUCT_BUNDLE_IDENTIFIER = "org.dolphin-emu.DolphiniOS";
				PRODUCT_NAME = "$(TARGET_NAME)";
				USER_HEADER_SEARCH_PATHS = $SOURCE_ROOT/../../../Source/Core;
				VALID_ARCHS = arm64;
			};
			name = Release;
		};
		04C31D6E1C3C7737009C86A6 /* Debug */ = {
			isa = XCBuildConfiguration;
			buildSettings = {
				PRODUCT_NAME = "$(TARGET_NAME)";
			};
			name = Debug;
		};
		04C31D6F1C3C7737009C86A6 /* Release */ = {
			isa = XCBuildConfiguration;
			buildSettings = {
				PRODUCT_NAME = "$(TARGET_NAME)";
			};
			name = Release;
		};
/* End XCBuildConfiguration section */

/* Begin XCConfigurationList section */
		049B00371C38D4FB001D7A21 /* Build configuration list for PBXProject "DolphiniOS" */ = {
			isa = XCConfigurationList;
			buildConfigurations = (
				049B00511C38D4FB001D7A21 /* Debug */,
				049B00521C38D4FB001D7A21 /* Release */,
			);
			defaultConfigurationIsVisible = 0;
			defaultConfigurationName = Release;
		};
		049B00531C38D4FB001D7A21 /* Build configuration list for PBXNativeTarget "DolphiniOS" */ = {
			isa = XCConfigurationList;
			buildConfigurations = (
				049B00541C38D4FB001D7A21 /* Debug */,
				049B00551C38D4FB001D7A21 /* Release */,
			);
			defaultConfigurationIsVisible = 0;
			defaultConfigurationName = Release;
		};
		04C31D6D1C3C7737009C86A6 /* Build configuration list for PBXAggregateTarget "Install to Jailbroken Device" */ = {
			isa = XCConfigurationList;
			buildConfigurations = (
				04C31D6E1C3C7737009C86A6 /* Debug */,
				04C31D6F1C3C7737009C86A6 /* Release */,
			);
			defaultConfigurationIsVisible = 0;
			defaultConfigurationName = Release;
		};
/* End XCConfigurationList section */
	};
	rootObject = 049B00341C38D4FB001D7A21 /* Project object */;
}
